<Solution>
  <Folder Name="/backend/" />
  <Folder Name="/backend/api-gateway/">
    <Project Path="backend/api-gateway/EShoppingZone.Gateway/EShoppingZone.Gateway.csproj" />
  </Folder>
  <Folder Name="/backend/services/" />
  <Folder Name="/backend/services/product-service/" />
  <Folder Name="/backend/services/product-service/src/">
    <Project Path="backend/services/product-service/src/EShoppingZone.Product.API/EShoppingZone.Product.API.csproj" />
    <Project Path="backend/services/product-service/src/EShoppingZone.Product.Application/EShoppingZone.Product.Application.csproj" />
    <Project Path="backend/services/product-service/src/EShoppingZone.Product.Domain/EShoppingZone.Product.Domain.csproj" />
    <Project Path="backend/services/product-service/src/EShoppingZone.Product.Infrastructure/EShoppingZone.Product.Infrastructure.csproj" />
  </Folder>
  <Folder Name="/backend/shared/">
    <Project Path="backend/shared/EShoppingZone.Common/EShoppingZone.Common.csproj" />
  </Folder>
</Solution>
